
Microsoft Visual Studio Solution File, Format Version 12.00
# Visual Studio Version 16
VisualStudioVersion = 16.0.31729.503
MinimumVisualStudioVersion = 10.0.40219.1
Project("{8BC9CEB8-8B4A-11D0-8D11-00A0C91BC942}") = "MathTriangle", "MathTriangle\MathTriangle.vcxproj", "{58843796-2592-40F6-B41A-760EB2AC8912}"
EndProject
Project("{8BC9CEB8-8B4A-11D0-8D11-00A0C91BC942}") = "DLL_Result", "DLL_Result\DLL_Result.vcxproj", "{BD147285-FA71-49E1-94F3-8A93F2EDF38A}"
EndProject
Global
	GlobalSection(SolutionConfigurationPlatforms) = preSolution
		Debug|x64 = Debug|x64
		Debug|x86 = Debug|x86
		Release|x64 = Release|x64
		Release|x86 = Release|x86
	EndGlobalSection
	GlobalSection(ProjectConfigurationPlatforms) = postSolution
		{58843796-2592-40F6-B41A-760EB2AC8912}.Debug|x64.ActiveCfg = Debug|x64
		{58843796-2592-40F6-B41A-760EB2AC8912}.Debug|x64.Build.0 = Debug|x64
		{58843796-2592-40F6-B41A-760EB2AC8912}.Debug|x86.ActiveCfg = Debug|Win32
		{58843796-2592-40F6-B41A-760EB2AC8912}.Debug|x86.Build.0 = Debug|Win32
		{58843796-2592-40F6-B41A-760EB2AC8912}.Release|x64.ActiveCfg = Release|x64
		{58843796-2592-40F6-B41A-760EB2AC8912}.Release|x64.Build.0 = Release|x64
		{58843796-2592-40F6-B41A-760EB2AC8912}.Release|x86.ActiveCfg = Release|Win32
		{58843796-2592-40F6-B41A-760EB2AC8912}.Release|x86.Build.0 = Release|Win32
		{BD147285-FA71-49E1-94F3-8A93F2EDF38A}.Debug|x64.ActiveCfg = Debug|x64
		{BD147285-FA71-49E1-94F3-8A93F2EDF38A}.Debug|x64.Build.0 = Debug|x64
		{BD147285-FA71-49E1-94F3-8A93F2EDF38A}.Debug|x86.ActiveCfg = Debug|Win32
		{BD147285-FA71-49E1-94F3-8A93F2EDF38A}.Debug|x86.Build.0 = Debug|Win32
		{BD147285-FA71-49E1-94F3-8A93F2EDF38A}.Release|x64.ActiveCfg = Release|x64
		{BD147285-FA71-49E1-94F3-8A93F2EDF38A}.Release|x64.Build.0 = Release|x64
		{BD147285-FA71-49E1-94F3-8A93F2EDF38A}.Release|x86.ActiveCfg = Release|Win32
		{BD147285-FA71-49E1-94F3-8A93F2EDF38A}.Release|x86.Build.0 = Release|Win32
	EndGlobalSection
	GlobalSection(SolutionProperties) = preSolution
		HideSolutionNode = FALSE
	EndGlobalSection
	GlobalSection(ExtensibilityGlobals) = postSolution
		SolutionGuid = {DCCF237E-3D51-4FA0-A0BB-9E835239A7C1}
	EndGlobalSection
EndGlobal
